
Microsoft Visual Studio Solution File, Format Version 12.00
# Visual Studio Version 17
VisualStudioVersion = 17.8.34511.84
MinimumVisualStudioVersion = 10.0.40219.1
Project("{FAE04EC0-301F-11D3-BF4B-00C04F79EFBC}") = "livro_de_ofertas", "livro_de_ofertas\livro_de_ofertas.csproj", "{14CDF7A8-B90F-4C88-973C-FBFAB1904CC3}"
EndProject
Global
	GlobalSection(SolutionConfigurationPlatforms) = preSolution
		Debug|Any CPU = Debug|Any CPU
		Release|Any CPU = Release|Any CPU
	EndGlobalSection
	GlobalSection(ProjectConfigurationPlatforms) = postSolution
		{14CDF7A8-B90F-4C88-973C-FBFAB1904CC3}.Debug|Any CPU.ActiveCfg = Debug|Any CPU
		{14CDF7A8-B90F-4C88-973C-FBFAB1904CC3}.Debug|Any CPU.Build.0 = Debug|Any CPU
		{14CDF7A8-B90F-4C88-973C-FBFAB1904CC3}.Release|Any CPU.ActiveCfg = Release|Any CPU
		{14CDF7A8-B90F-4C88-973C-FBFAB1904CC3}.Release|Any CPU.Build.0 = Release|Any CPU
	EndGlobalSection
	GlobalSection(SolutionProperties) = preSolution
		HideSolutionNode = FALSE
	EndGlobalSection
	GlobalSection(ExtensibilityGlobals) = postSolution
		SolutionGuid = {8A64EB66-F9F5-45B2-A3FF-AEE7CA3CC59F}
	EndGlobalSection
EndGlobal
